{"cache_sha256": "1bd5cadf593e8c40919818643d6c379c2d6e239aa1000212a313eb4cc54ba3c9", "config_sha256": "c797a8353ddd2eb949b408a7f1bb791d3b5371e11516e5fe0df57dfe9f43212a", "input_sha256": "52090feda2ccd2eaffea489810e251640bf43ec8aa69663f4f3ca6d5a6ac657f", "stage": "VAL_DETECTOR", "started_at": "2026-09-15", "status": "COMPLETED_DO_NOT_RERUN"}
