{"cache_sha256": "1bd5cadf593e8c40919818643d6c379c2d6e239aa1000212a313eb4cc54ba3c9", "completed_date": "2026-09-15", "config_sha256": "c797a8353ddd2eb949b408a7f1bb791d3b5371e11516e5fe0df57dfe9f43212a", "predictions_sha256": "dc337cca513defe966cd08d6b5d0b2402e4a19844ac63c57a9c8162445e6cd58", "status": "COMPLETED_DO_NOT_RERUN"}
